
Microsoft Visual Studio Solution File, Format Version 12.00
# Visual Studio Version 17
VisualStudioVersion = 17.0.32112.339
MinimumVisualStudioVersion = 10.0.40219.1
Project("{FAE04EC0-301F-11D3-BF4B-00C04F79EFBC}") = "App12Styles.Android", "App12Styles\App12Styles.Android\App12Styles.Android.csproj", "{D688FA58-E4DE-4CCD-A4F0-E64CFFF71669}"
EndProject
Project("{FAE04EC0-301F-11D3-BF4B-00C04F79EFBC}") = "App12Styles.iOS", "App12Styles\App12Styles.iOS\App12Styles.iOS.csproj", "{6A0A5239-B73D-4ED8-8870-1CA4F354CAFC}"
EndProject
Project("{FAE04EC0-301F-11D3-BF4B-00C04F79EFBC}") = "App12Styles", "App12Styles\App12Styles\App12Styles.csproj", "{A247542D-2A77-4653-B895-8948545D90C2}"
EndProject
Global
	GlobalSection(SolutionConfigurationPlatforms) = preSolution
		Debug|Any CPU = Debug|Any CPU
		Debug|iPhone = Debug|iPhone
		Debug|iPhoneSimulator = Debug|iPhoneSimulator
		Release|Any CPU = Release|Any CPU
		Release|iPhone = Release|iPhone
		Release|iPhoneSimulator = Release|iPhoneSimulator
	EndGlobalSection
	GlobalSection(ProjectConfigurationPlatforms) = postSolution
		{D688FA58-E4DE-4CCD-A4F0-E64CFFF71669}.Debug|Any CPU.ActiveCfg = Debug|Any CPU
		{D688FA58-E4DE-4CCD-A4F0-E64CFFF71669}.Debug|Any CPU.Build.0 = Debug|Any CPU
		{D688FA58-E4DE-4CCD-A4F0-E64CFFF71669}.Debug|Any CPU.Deploy.0 = Debug|Any CPU
		{D688FA58-E4DE-4CCD-A4F0-E64CFFF71669}.Debug|iPhone.ActiveCfg = Debug|Any CPU
		{D688FA58-E4DE-4CCD-A4F0-E64CFFF71669}.Debug|iPhone.Build.0 = Debug|Any CPU
		{D688FA58-E4DE-4CCD-A4F0-E64CFFF71669}.Debug|iPhone.Deploy.0 = Debug|Any CPU
		{D688FA58-E4DE-4CCD-A4F0-E64CFFF71669}.Debug|iPhoneSimulator.ActiveCfg = Debug|Any CPU
		{D688FA58-E4DE-4CCD-A4F0-E64CFFF71669}.Debug|iPhoneSimulator.Build.0 = Debug|Any CPU
		{D688FA58-E4DE-4CCD-A4F0-E64CFFF71669}.Debug|iPhoneSimulator.Deploy.0 = Debug|Any CPU
		{D688FA58-E4DE-4CCD-A4F0-E64CFFF71669}.Release|Any CPU.ActiveCfg = Release|Any CPU
		{D688FA58-E4DE-4CCD-A4F0-E64CFFF71669}.Release|Any CPU.Build.0 = Release|Any CPU
		{D688FA58-E4DE-4CCD-A4F0-E64CFFF71669}.Release|Any CPU.Deploy.0 = Release|Any CPU
		{D688FA58-E4DE-4CCD-A4F0-E64CFFF71669}.Release|iPhone.ActiveCfg = Release|Any CPU
		{D688FA58-E4DE-4CCD-A4F0-E64CFFF71669}.Release|iPhone.Build.0 = Release|Any CPU
		{D688FA58-E4DE-4CCD-A4F0-E64CFFF71669}.Release|iPhone.Deploy.0 = Release|Any CPU
		{D688FA58-E4DE-4CCD-A4F0-E64CFFF71669}.Release|iPhoneSimulator.ActiveCfg = Release|Any CPU
		{D688FA58-E4DE-4CCD-A4F0-E64CFFF71669}.Release|iPhoneSimulator.Build.0 = Release|Any CPU
		{D688FA58-E4DE-4CCD-A4F0-E64CFFF71669}.Release|iPhoneSimulator.Deploy.0 = Release|Any CPU
		{6A0A5239-B73D-4ED8-8870-1CA4F354CAFC}.Debug|Any CPU.ActiveCfg = Debug|iPhone
		{6A0A5239-B73D-4ED8-8870-1CA4F354CAFC}.Debug|Any CPU.Build.0 = Debug|iPhone
		{6A0A5239-B73D-4ED8-8870-1CA4F354CAFC}.Debug|Any CPU.Deploy.0 = Debug|iPhone
		{6A0A5239-B73D-4ED8-8870-1CA4F354CAFC}.Debug|iPhone.ActiveCfg = Debug|iPhone
		{6A0A5239-B73D-4ED8-8870-1CA4F354CAFC}.Debug|iPhone.Build.0 = Debug|iPhone
		{6A0A5239-B73D-4ED8-8870-1CA4F354CAFC}.Debug|iPhone.Deploy.0 = Debug|iPhone
		{6A0A5239-B73D-4ED8-8870-1CA4F354CAFC}.Debug|iPhoneSimulator.ActiveCfg = Debug|iPhoneSimulator
		{6A0A5239-B73D-4ED8-8870-1CA4F354CAFC}.Debug|iPhoneSimulator.Build.0 = Debug|iPhoneSimulator
		{6A0A5239-B73D-4ED8-8870-1CA4F354CAFC}.Debug|iPhoneSimulator.Deploy.0 = Debug|iPhoneSimulator
		{6A0A5239-B73D-4ED8-8870-1CA4F354CAFC}.Release|Any CPU.ActiveCfg = Release|iPhoneSimulator
		{6A0A5239-B73D-4ED8-8870-1CA4F354CAFC}.Release|Any CPU.Build.0 = Release|iPhoneSimulator
		{6A0A5239-B73D-4ED8-8870-1CA4F354CAFC}.Release|Any CPU.Deploy.0 = Release|iPhoneSimulator
		{6A0A5239-B73D-4ED8-8870-1CA4F354CAFC}.Release|iPhone.ActiveCfg = Release|iPhone
		{6A0A5239-B73D-4ED8-8870-1CA4F354CAFC}.Release|iPhone.Build.0 = Release|iPhone
		{6A0A5239-B73D-4ED8-8870-1CA4F354CAFC}.Release|iPhone.Deploy.0 = Release|iPhone
		{6A0A5239-B73D-4ED8-8870-1CA4F354CAFC}.Release|iPhoneSimulator.ActiveCfg = Release|iPhoneSimulator
		{6A0A5239-B73D-4ED8-8870-1CA4F354CAFC}.Release|iPhoneSimulator.Build.0 = Release|iPhoneSimulator
		{6A0A5239-B73D-4ED8-8870-1CA4F354CAFC}.Release|iPhoneSimulator.Deploy.0 = Release|iPhoneSimulator
		{A247542D-2A77-4653-B895-8948545D90C2}.Debug|Any CPU.ActiveCfg = Debug|Any CPU
		{A247542D-2A77-4653-B895-8948545D90C2}.Debug|Any CPU.Build.0 = Debug|Any CPU
		{A247542D-2A77-4653-B895-8948545D90C2}.Debug|Any CPU.Deploy.0 = Debug|Any CPU
		{A247542D-2A77-4653-B895-8948545D90C2}.Debug|iPhone.ActiveCfg = Debug|Any CPU
		{A247542D-2A77-4653-B895-8948545D90C2}.Debug|iPhone.Build.0 = Debug|Any CPU
		{A247542D-2A77-4653-B895-8948545D90C2}.Debug|iPhone.Deploy.0 = Debug|Any CPU
		{A247542D-2A77-4653-B895-8948545D90C2}.Debug|iPhoneSimulator.ActiveCfg = Debug|Any CPU
		{A247542D-2A77-4653-B895-8948545D90C2}.Debug|iPhoneSimulator.Build.0 = Debug|Any CPU
		{A247542D-2A77-4653-B895-8948545D90C2}.Debug|iPhoneSimulator.Deploy.0 = Debug|Any CPU
		{A247542D-2A77-4653-B895-8948545D90C2}.Release|Any CPU.ActiveCfg = Release|Any CPU
		{A247542D-2A77-4653-B895-8948545D90C2}.Release|Any CPU.Build.0 = Release|Any CPU
		{A247542D-2A77-4653-B895-8948545D90C2}.Release|Any CPU.Deploy.0 = Release|Any CPU
		{A247542D-2A77-4653-B895-8948545D90C2}.Release|iPhone.ActiveCfg = Release|Any CPU
		{A247542D-2A77-4653-B895-8948545D90C2}.Release|iPhone.Build.0 = Release|Any CPU
		{A247542D-2A77-4653-B895-8948545D90C2}.Release|iPhone.Deploy.0 = Release|Any CPU
		{A247542D-2A77-4653-B895-8948545D90C2}.Release|iPhoneSimulator.ActiveCfg = Release|Any CPU
		{A247542D-2A77-4653-B895-8948545D90C2}.Release|iPhoneSimulator.Build.0 = Release|Any CPU
		{A247542D-2A77-4653-B895-8948545D90C2}.Release|iPhoneSimulator.Deploy.0 = Release|Any CPU
	EndGlobalSection
	GlobalSection(SolutionProperties) = preSolution
		HideSolutionNode = FALSE
	EndGlobalSection
	GlobalSection(ExtensibilityGlobals) = postSolution
		SolutionGuid = {D24EDA90-1F8C-4187-BA92-8317423E147D}
	EndGlobalSection
EndGlobal
