
Microsoft Visual Studio Solution File, Format Version 12.00
# Visual Studio Version 17
VisualStudioVersion = 17.0.32112.339
MinimumVisualStudioVersion = 10.0.40219.1
Project("{FAE04EC0-301F-11D3-BF4B-00C04F79EFBC}") = "App6CodeAndXaml.Android", "App6CodeAndXaml\App6CodeAndXaml.Android\App6CodeAndXaml.Android.csproj", "{A43CEC3B-B9AF-4D40-8CC2-593AFA249AF8}"
EndProject
Project("{FAE04EC0-301F-11D3-BF4B-00C04F79EFBC}") = "App6CodeAndXaml.iOS", "App6CodeAndXaml\App6CodeAndXaml.iOS\App6CodeAndXaml.iOS.csproj", "{5730FF5E-6CE6-447E-938F-BCD1B58307D5}"
EndProject
Project("{FAE04EC0-301F-11D3-BF4B-00C04F79EFBC}") = "App6CodeAndXaml", "App6CodeAndXaml\App6CodeAndXaml\App6CodeAndXaml.csproj", "{0D8E582F-188F-4440-B1F3-193211306388}"
EndProject
Global
	GlobalSection(SolutionConfigurationPlatforms) = preSolution
		Debug|Any CPU = Debug|Any CPU
		Debug|iPhone = Debug|iPhone
		Debug|iPhoneSimulator = Debug|iPhoneSimulator
		Release|Any CPU = Release|Any CPU
		Release|iPhone = Release|iPhone
		Release|iPhoneSimulator = Release|iPhoneSimulator
	EndGlobalSection
	GlobalSection(ProjectConfigurationPlatforms) = postSolution
		{A43CEC3B-B9AF-4D40-8CC2-593AFA249AF8}.Debug|Any CPU.ActiveCfg = Debug|Any CPU
		{A43CEC3B-B9AF-4D40-8CC2-593AFA249AF8}.Debug|Any CPU.Build.0 = Debug|Any CPU
		{A43CEC3B-B9AF-4D40-8CC2-593AFA249AF8}.Debug|Any CPU.Deploy.0 = Debug|Any CPU
		{A43CEC3B-B9AF-4D40-8CC2-593AFA249AF8}.Debug|iPhone.ActiveCfg = Debug|Any CPU
		{A43CEC3B-B9AF-4D40-8CC2-593AFA249AF8}.Debug|iPhone.Build.0 = Debug|Any CPU
		{A43CEC3B-B9AF-4D40-8CC2-593AFA249AF8}.Debug|iPhone.Deploy.0 = Debug|Any CPU
		{A43CEC3B-B9AF-4D40-8CC2-593AFA249AF8}.Debug|iPhoneSimulator.ActiveCfg = Debug|Any CPU
		{A43CEC3B-B9AF-4D40-8CC2-593AFA249AF8}.Debug|iPhoneSimulator.Build.0 = Debug|Any CPU
		{A43CEC3B-B9AF-4D40-8CC2-593AFA249AF8}.Debug|iPhoneSimulator.Deploy.0 = Debug|Any CPU
		{A43CEC3B-B9AF-4D40-8CC2-593AFA249AF8}.Release|Any CPU.ActiveCfg = Release|Any CPU
		{A43CEC3B-B9AF-4D40-8CC2-593AFA249AF8}.Release|Any CPU.Build.0 = Release|Any CPU
		{A43CEC3B-B9AF-4D40-8CC2-593AFA249AF8}.Release|Any CPU.Deploy.0 = Release|Any CPU
		{A43CEC3B-B9AF-4D40-8CC2-593AFA249AF8}.Release|iPhone.ActiveCfg = Release|Any CPU
		{A43CEC3B-B9AF-4D40-8CC2-593AFA249AF8}.Release|iPhone.Build.0 = Release|Any CPU
		{A43CEC3B-B9AF-4D40-8CC2-593AFA249AF8}.Release|iPhone.Deploy.0 = Release|Any CPU
		{A43CEC3B-B9AF-4D40-8CC2-593AFA249AF8}.Release|iPhoneSimulator.ActiveCfg = Release|Any CPU
		{A43CEC3B-B9AF-4D40-8CC2-593AFA249AF8}.Release|iPhoneSimulator.Build.0 = Release|Any CPU
		{A43CEC3B-B9AF-4D40-8CC2-593AFA249AF8}.Release|iPhoneSimulator.Deploy.0 = Release|Any CPU
		{5730FF5E-6CE6-447E-938F-BCD1B58307D5}.Debug|Any CPU.ActiveCfg = Debug|iPhone
		{5730FF5E-6CE6-447E-938F-BCD1B58307D5}.Debug|Any CPU.Build.0 = Debug|iPhone
		{5730FF5E-6CE6-447E-938F-BCD1B58307D5}.Debug|Any CPU.Deploy.0 = Debug|iPhone
		{5730FF5E-6CE6-447E-938F-BCD1B58307D5}.Debug|iPhone.ActiveCfg = Debug|iPhone
		{5730FF5E-6CE6-447E-938F-BCD1B58307D5}.Debug|iPhone.Build.0 = Debug|iPhone
		{5730FF5E-6CE6-447E-938F-BCD1B58307D5}.Debug|iPhone.Deploy.0 = Debug|iPhone
		{5730FF5E-6CE6-447E-938F-BCD1B58307D5}.Debug|iPhoneSimulator.ActiveCfg = Debug|iPhoneSimulator
		{5730FF5E-6CE6-447E-938F-BCD1B58307D5}.Debug|iPhoneSimulator.Build.0 = Debug|iPhoneSimulator
		{5730FF5E-6CE6-447E-938F-BCD1B58307D5}.Debug|iPhoneSimulator.Deploy.0 = Debug|iPhoneSimulator
		{5730FF5E-6CE6-447E-938F-BCD1B58307D5}.Release|Any CPU.ActiveCfg = Release|iPhoneSimulator
		{5730FF5E-6CE6-447E-938F-BCD1B58307D5}.Release|Any CPU.Build.0 = Release|iPhoneSimulator
		{5730FF5E-6CE6-447E-938F-BCD1B58307D5}.Release|Any CPU.Deploy.0 = Release|iPhoneSimulator
		{5730FF5E-6CE6-447E-938F-BCD1B58307D5}.Release|iPhone.ActiveCfg = Release|iPhone
		{5730FF5E-6CE6-447E-938F-BCD1B58307D5}.Release|iPhone.Build.0 = Release|iPhone
		{5730FF5E-6CE6-447E-938F-BCD1B58307D5}.Release|iPhone.Deploy.0 = Release|iPhone
		{5730FF5E-6CE6-447E-938F-BCD1B58307D5}.Release|iPhoneSimulator.ActiveCfg = Release|iPhoneSimulator
		{5730FF5E-6CE6-447E-938F-BCD1B58307D5}.Release|iPhoneSimulator.Build.0 = Release|iPhoneSimulator
		{5730FF5E-6CE6-447E-938F-BCD1B58307D5}.Release|iPhoneSimulator.Deploy.0 = Release|iPhoneSimulator
		{0D8E582F-188F-4440-B1F3-193211306388}.Debug|Any CPU.ActiveCfg = Debug|Any CPU
		{0D8E582F-188F-4440-B1F3-193211306388}.Debug|Any CPU.Build.0 = Debug|Any CPU
		{0D8E582F-188F-4440-B1F3-193211306388}.Debug|Any CPU.Deploy.0 = Debug|Any CPU
		{0D8E582F-188F-4440-B1F3-193211306388}.Debug|iPhone.ActiveCfg = Debug|Any CPU
		{0D8E582F-188F-4440-B1F3-193211306388}.Debug|iPhone.Build.0 = Debug|Any CPU
		{0D8E582F-188F-4440-B1F3-193211306388}.Debug|iPhone.Deploy.0 = Debug|Any CPU
		{0D8E582F-188F-4440-B1F3-193211306388}.Debug|iPhoneSimulator.ActiveCfg = Debug|Any CPU
		{0D8E582F-188F-4440-B1F3-193211306388}.Debug|iPhoneSimulator.Build.0 = Debug|Any CPU
		{0D8E582F-188F-4440-B1F3-193211306388}.Debug|iPhoneSimulator.Deploy.0 = Debug|Any CPU
		{0D8E582F-188F-4440-B1F3-193211306388}.Release|Any CPU.ActiveCfg = Release|Any CPU
		{0D8E582F-188F-4440-B1F3-193211306388}.Release|Any CPU.Build.0 = Release|Any CPU
		{0D8E582F-188F-4440-B1F3-193211306388}.Release|Any CPU.Deploy.0 = Release|Any CPU
		{0D8E582F-188F-4440-B1F3-193211306388}.Release|iPhone.ActiveCfg = Release|Any CPU
		{0D8E582F-188F-4440-B1F3-193211306388}.Release|iPhone.Build.0 = Release|Any CPU
		{0D8E582F-188F-4440-B1F3-193211306388}.Release|iPhone.Deploy.0 = Release|Any CPU
		{0D8E582F-188F-4440-B1F3-193211306388}.Release|iPhoneSimulator.ActiveCfg = Release|Any CPU
		{0D8E582F-188F-4440-B1F3-193211306388}.Release|iPhoneSimulator.Build.0 = Release|Any CPU
		{0D8E582F-188F-4440-B1F3-193211306388}.Release|iPhoneSimulator.Deploy.0 = Release|Any CPU
	EndGlobalSection
	GlobalSection(SolutionProperties) = preSolution
		HideSolutionNode = FALSE
	EndGlobalSection
	GlobalSection(ExtensibilityGlobals) = postSolution
		SolutionGuid = {209D1348-DB41-4268-9F77-92B534DAD971}
	EndGlobalSection
EndGlobal
